
Microsoft Visual Studio Solution File, Format Version 12.00
# Visual Studio Version 17
VisualStudioVersion = 17.3.32901.215
MinimumVisualStudioVersion = 10.0.40219.1
Project("{2150E333-8FDC-42A3-9474-1A3956D46DE8}") = "Solution Items", "Solution Items", "{FD188AB9-151F-4546-AD39-B6F0EC6559DA}"
	ProjectSection(SolutionItems) = preProject
		README.md = README.md
		ReadmeFiles\ReadmeAboutTheCode.md = ReadmeFiles\ReadmeAboutTheCode.md
		ReadmeFiles\ReadmeExploreTheSample.md = ReadmeFiles\ReadmeExploreTheSample.md
		ReadmeFiles\ReadmeHowTheCodeWasCreated.md = ReadmeFiles\ReadmeHowTheCodeWasCreated.md
		ReadmeFiles\ReadmeLearnMore.md = ReadmeFiles\ReadmeLearnMore.md
	EndProjectSection
EndProject
Project("{9A19103F-16F7-4668-BE54-9A1E7A4F7556}") = "WinUIMSALApp", "WinUIMSALApp\WinUIMSALApp.csproj", "{81022BE8-CFED-49BB-B4A0-997EB957BFED}"
EndProject
Project("{2150E333-8FDC-42A3-9474-1A3956D46DE8}") = "AppCreationScripts", "AppCreationScripts", "{B4E33940-43A8-471B-B279-9CB8F3A415A1}"
	ProjectSection(SolutionItems) = preProject
		AppCreationScripts\sample.json = AppCreationScripts\sample.json
	EndProjectSection
EndProject
Global
	GlobalSection(SolutionConfigurationPlatforms) = preSolution
		Debug|arm64 = Debug|arm64
		Debug|x64 = Debug|x64
		Debug|x86 = Debug|x86
		Release|arm64 = Release|arm64
		Release|x64 = Release|x64
		Release|x86 = Release|x86
	EndGlobalSection
	GlobalSection(ProjectConfigurationPlatforms) = postSolution
		{81022BE8-CFED-49BB-B4A0-997EB957BFED}.Debug|arm64.ActiveCfg = Debug|arm64
		{81022BE8-CFED-49BB-B4A0-997EB957BFED}.Debug|arm64.Build.0 = Debug|arm64
		{81022BE8-CFED-49BB-B4A0-997EB957BFED}.Debug|arm64.Deploy.0 = Debug|arm64
		{81022BE8-CFED-49BB-B4A0-997EB957BFED}.Debug|x64.ActiveCfg = Debug|x64
		{81022BE8-CFED-49BB-B4A0-997EB957BFED}.Debug|x64.Build.0 = Debug|x64
		{81022BE8-CFED-49BB-B4A0-997EB957BFED}.Debug|x64.Deploy.0 = Debug|x64
		{81022BE8-CFED-49BB-B4A0-997EB957BFED}.Debug|x86.ActiveCfg = Debug|x86
		{81022BE8-CFED-49BB-B4A0-997EB957BFED}.Debug|x86.Build.0 = Debug|x86
		{81022BE8-CFED-49BB-B4A0-997EB957BFED}.Debug|x86.Deploy.0 = Debug|x86
		{81022BE8-CFED-49BB-B4A0-997EB957BFED}.Release|arm64.ActiveCfg = Release|arm64
		{81022BE8-CFED-49BB-B4A0-997EB957BFED}.Release|arm64.Build.0 = Release|arm64
		{81022BE8-CFED-49BB-B4A0-997EB957BFED}.Release|arm64.Deploy.0 = Release|arm64
		{81022BE8-CFED-49BB-B4A0-997EB957BFED}.Release|x64.ActiveCfg = Release|x64
		{81022BE8-CFED-49BB-B4A0-997EB957BFED}.Release|x64.Build.0 = Release|x64
		{81022BE8-CFED-49BB-B4A0-997EB957BFED}.Release|x64.Deploy.0 = Release|x64
		{81022BE8-CFED-49BB-B4A0-997EB957BFED}.Release|x86.ActiveCfg = Release|x86
		{81022BE8-CFED-49BB-B4A0-997EB957BFED}.Release|x86.Build.0 = Release|x86
		{81022BE8-CFED-49BB-B4A0-997EB957BFED}.Release|x86.Deploy.0 = Release|x86
	EndGlobalSection
	GlobalSection(SolutionProperties) = preSolution
		HideSolutionNode = FALSE
	EndGlobalSection
	GlobalSection(ExtensibilityGlobals) = postSolution
		SolutionGuid = {D7FD0C76-F5AD-4791-A179-B4168FF18689}
	EndGlobalSection
EndGlobal
